# This file is automatically @generated by Cargo.
# It is not intended for manual editing.
version = 3

[[package]]
name = "adler32"
version = "0.3.0"
source = "registry+https://github.com/rust-lang/crates.io-index"
checksum = "57be033eb4100070a93a9400a725839cda9c415244f808b0357e72b9e003d5ba"

[[package]]
name = "bitflags"
version = "0.7.0"
source = "registry+https://github.com/rust-lang/crates.io-index"
checksum = "aad18937a628ec6abcd26d1489012cc0e18c21798210f491af69ded9b881106d"

[[package]]
name = "byteorder"
version = "1.0.0"
source = "registry+https://github.com/rust-lang/crates.io-index"
checksum = "c40977b0ee6b9885c9013cd41d9feffdd22deb3bb4dc3a71d901cc7a77de18c8"

[[package]]
name = "color_quant"
version = "1.0.0"
source = "registry+https://github.com/rust-lang/crates.io-index"
checksum = "a475fc4af42d83d28adf72968d9bcfaf035a1a9381642d8e85d8a04957767b0d"

[[package]]
name = "deflate"
version = "0.7.4"
source = "registry+https://github.com/rust-lang/crates.io-index"
checksum = "24c5f3de3a8e183ab9a169654b652407e5e80bed40986bcca92c2b088b9bfa80"
dependencies = [
 "adler32",
 "byteorder",
]

[[package]]
name = "deque"
version = "0.3.1"
source = "registry+https://github.com/rust-lang/crates.io-index"
checksum = "1614659040e711785ed8ea24219140654da1729f3ec8a47a9719d041112fe7bf"
dependencies = [
 "rand",
]

[[package]]
name = "enum_primitive"
version = "0.1.1"
source = "registry+https://github.com/rust-lang/crates.io-index"
checksum = "be4551092f4d519593039259a9ed8daedf0da12e5109c5280338073eaeb81180"
dependencies = [
 "num-traits",
]

[[package]]
name = "gif"
version = "0.9.0"
source = "registry+https://github.com/rust-lang/crates.io-index"
checksum = "01c7c19a035de94bd7afbaa62c241aadfbdf1a70f560b348d2312eafa566ca16"
dependencies = [
 "color_quant",
 "lzw",
]

[[package]]
name = "glob"
version = "0.2.11"
source = "registry+https://github.com/rust-lang/crates.io-index"
checksum = "8be18de09a56b60ed0edf84bc9df007e30040691af7acd1c41874faac5895bfb"

[[package]]
name = "image"
version = "0.12.3"
source = "registry+https://github.com/rust-lang/crates.io-index"
checksum = "979bad0502082fd60053a490282e87d6c89650942e3a270e0d4c83569c7f5899"
dependencies = [
 "byteorder",
 "enum_primitive",
 "gif",
 "glob",
 "jpeg-decoder",
 "num-iter",
 "num-rational",
 "num-traits",
 "png",
 "scoped_threadpool",
]

[[package]]
name = "inflate"
version = "0.1.1"
source = "registry+https://github.com/rust-lang/crates.io-index"
checksum = "e7e0062d2dc2f17d2f13750d95316ae8a2ff909af0fda957084f5defd87c43bb"

[[package]]
name = "jpeg-decoder"
version = "0.1.11"
source = "registry+https://github.com/rust-lang/crates.io-index"
checksum = "5c4ff3d14e7ef3522471ab712832c3dd50001f7fb7aa4cdc48af811d63b531e9"
dependencies = [
 "byteorder",
 "rayon",
]

[[package]]
name = "libc"
version = "0.2.20"
source = "registry+https://github.com/rust-lang/crates.io-index"
checksum = "684f330624d8c3784fb9558ca46c4ce488073a8d22450415c5eb4f4cfb0d11b5"

[[package]]
name = "lzw"
version = "0.10.0"
source = "registry+https://github.com/rust-lang/crates.io-index"
checksum = "7d947cbb889ed21c2a84be6ffbaebf5b4e0f4340638cba0444907e38b56be084"

[[package]]
name = "num-integer"
version = "0.1.32"
source = "registry+https://github.com/rust-lang/crates.io-index"
checksum = "fb24d9bfb3f222010df27995441ded1e954f8f69cd35021f6bef02ca9552fb92"
dependencies = [
 "num-traits",
]

[[package]]
name = "num-iter"
version = "0.1.32"
source = "registry+https://github.com/rust-lang/crates.io-index"
checksum = "287a1c9969a847055e1122ec0ea7a5c5d6f72aad97934e131c83d5c08ab4e45c"
dependencies = [
 "num-integer",
 "num-traits",
]

[[package]]
name = "num-rational"
version = "0.1.35"
source = "registry+https://github.com/rust-lang/crates.io-index"
checksum = "54ff603b8334a72fbb27fe66948aac0abaaa40231b3cecd189e76162f6f38aaf"
dependencies = [
 "num-integer",
 "num-traits",
]

[[package]]
name = "num-traits"
version = "0.1.36"
source = "registry+https://github.com/rust-lang/crates.io-index"
checksum = "a16a42856a256b39c6d3484f097f6713e14feacd9bfb02290917904fae46c81c"

[[package]]
name = "num_cpus"
version = "1.2.1"
source = "registry+https://github.com/rust-lang/crates.io-index"
checksum = "a225d1e2717567599c24f88e49f00856c6e825a12125181ee42c4257e3688d39"
dependencies = [
 "libc",
]

[[package]]
name = "png"
version = "0.6.2"
source = "registry+https://github.com/rust-lang/crates.io-index"
checksum = "3cb773e9a557edb568ce9935cf783e3cdcabe06a9449d41b3e5506d88e582c82"
dependencies = [
 "bitflags",
 "deflate",
 "inflate",
 "num-iter",
]

[[package]]
name = "rand"
version = "0.3.15"
source = "registry+https://github.com/rust-lang/crates.io-index"
checksum = "022e0636ec2519ddae48154b028864bdce4eaf7d35226ab8e65c611be97b189d"
dependencies = [
 "libc",
]

[[package]]
name = "rayon"
version = "0.6.0"
source = "registry+https://github.com/rust-lang/crates.io-index"
checksum = "50c575b58c2b109e2fbc181820cbe177474f35610ff9e357dc75f6bac854ffbf"
dependencies = [
 "deque",
 "libc",
 "num_cpus",
 "rand",
]

[[package]]
name = "scoped_threadpool"
version = "0.1.7"
source = "registry+https://github.com/rust-lang/crates.io-index"
checksum = "3ef399c8893e8cb7aa9696e895427fab3a6bf265977bb96e126f24ddd2cda85a"

[[package]]
name = "triangle"
version = "0.1.0"
dependencies = [
 "image",
 "rand",
]
